{
  "nodes": {
    "bgfxdotnim-master": {
      "inputs": {
        "flakeNimbleLib": [
          "flakeNimbleLib"
        ],
        "nixpkgs": [
          "nixpkgs"
        ],
        "src-bgfxdotnim-master": "src-bgfxdotnim-master"
      },
      "locked": {
        "dir": "master",
        "lastModified": 1662254367,
        "narHash": "sha256-FtjE9K53XXiI79OTPG9EzExvH5r83RVVeib2COHort8=",
        "owner": "nim-nix-pkgs",
        "repo": "bgfxdotnim",
        "rev": "a6e2e09233be400ee83906f6b47fbf4eb2b9c651",
        "type": "github"
      },
      "original": {
        "dir": "master",
        "owner": "nim-nix-pkgs",
        "ref": "master",
        "repo": "bgfxdotnim",
        "type": "github"
      }
    },
    "flakeNimbleLib": {
      "inputs": {
        "nixpkgs": [
          "nixpkgs"
        ]
      },
      "locked": {
        "lastModified": 1662018438,
        "narHash": "sha256-QtNtU6+LX3Wokxf0zlFwKTFOcn6TeDjKQZ+DA9OYtvM=",
        "owner": "riinr",
        "repo": "nim-flakes-lib",
        "rev": "b1fe8340736e3a85d25c709ac3dfd82a55c03cbf",
        "type": "github"
      },
      "original": {
        "owner": "riinr",
        "ref": "master",
        "repo": "nim-flakes-lib",
        "type": "github"
      }
    },
    "nixpkgs": {
      "locked": {
        "lastModified": 1667110639,
        "narHash": "sha256-4FbPESZ5LbqQxkJJJBAfk/zKgF9h/4kyUwjjpJwYlbc=",
        "owner": "NixOS",
        "repo": "nixpkgs",
        "rev": "f38a1f04d1bec1feb61fd101a0539ae2002a7087",
        "type": "github"
      },
      "original": {
        "id": "nixpkgs",
        "type": "indirect"
      }
    },
    "root": {
      "inputs": {
        "bgfxdotnim-master": "bgfxdotnim-master",
        "flakeNimbleLib": "flakeNimbleLib",
        "nixpkgs": "nixpkgs"
      }
    },
    "src-bgfxdotnim-master": {
      "flake": false,
      "locked": {
        "lastModified": 1568659753,
        "narHash": "sha256-t4D8q3iEQ8rFEFLUgJ026YmSHL3QXjt/1ZwY9jeMoK4=",
        "owner": "zacharycarter",
        "repo": "bgfx.nim",
        "rev": "eeb8b174b9a1a5bacbb182cda9f514d60ce54ba5",
        "type": "github"
      },
      "original": {
        "owner": "zacharycarter",
        "ref": "refs/heads/master",
        "repo": "bgfx.nim",
        "type": "github"
      }
    }
  },
  "root": "root",
  "version": 7
}
